
Microsoft Visual Studio Solution File, Format Version 12.00
# Visual Studio 14
VisualStudioVersion = 14.0.25420.1
MinimumVisualStudioVersion = 10.0.40219.1
Project("{FAE04EC0-301F-11D3-BF4B-00C04F79EFBC}") = "CATZureMobileApp.Droid", "CATZureMobileApp\CATZureMobileApp.Droid\CATZureMobileApp.Droid.csproj", "{A210980F-F562-41AE-AF9E-D14CEAC78730}"
EndProject
Project("{FAE04EC0-301F-11D3-BF4B-00C04F79EFBC}") = "CATZureMobileApp.iOS", "CATZureMobileApp\CATZureMobileApp.iOS\CATZureMobileApp.iOS.csproj", "{EA6D0323-9D82-4919-9AB2-2E2A32DC0A30}"
EndProject
Project("{FAE04EC0-301F-11D3-BF4B-00C04F79EFBC}") = "CATZureMobileApp.WinPhone", "CATZureMobileApp\CATZureMobileApp.WinPhone\CATZureMobileApp.WinPhone.csproj", "{4971D7DA-EE36-4DED-B0C2-B29A2C372B3B}"
EndProject
Project("{FAE04EC0-301F-11D3-BF4B-00C04F79EFBC}") = "CATZureMobileApp.UWP", "CATZureMobileApp\CATZureMobileApp.UWP\CATZureMobileApp.UWP.csproj", "{D30FE9CA-1081-4389-9BD2-970C776A5CF9}"
EndProject
Project("{FAE04EC0-301F-11D3-BF4B-00C04F79EFBC}") = "CATZureMobileApp.Windows", "CATZureMobileApp\CATZureMobileApp.Windows\CATZureMobileApp.Windows.csproj", "{9531D50B-6522-4F49-BFDB-3911C53EC47F}"
EndProject
Project("{FAE04EC0-301F-11D3-BF4B-00C04F79EFBC}") = "CATZureMobileApp", "CATZureMobileApp\CATZureMobileApp\CATZureMobileApp.csproj", "{262C585C-A413-4070-B1EC-E9FB254BC7CA}"
EndProject
Global
	GlobalSection(SolutionConfigurationPlatforms) = preSolution
		Ad-Hoc|Any CPU = Ad-Hoc|Any CPU
		Ad-Hoc|ARM = Ad-Hoc|ARM
		Ad-Hoc|iPhone = Ad-Hoc|iPhone
		Ad-Hoc|iPhoneSimulator = Ad-Hoc|iPhoneSimulator
		Ad-Hoc|x64 = Ad-Hoc|x64
		Ad-Hoc|x86 = Ad-Hoc|x86
		AppStore|Any CPU = AppStore|Any CPU
		AppStore|ARM = AppStore|ARM
		AppStore|iPhone = AppStore|iPhone
		AppStore|iPhoneSimulator = AppStore|iPhoneSimulator
		AppStore|x64 = AppStore|x64
		AppStore|x86 = AppStore|x86
		Debug|Any CPU = Debug|Any CPU
		Debug|ARM = Debug|ARM
		Debug|iPhone = Debug|iPhone
		Debug|iPhoneSimulator = Debug|iPhoneSimulator
		Debug|x64 = Debug|x64
		Debug|x86 = Debug|x86
		Release|Any CPU = Release|Any CPU
		Release|ARM = Release|ARM
		Release|iPhone = Release|iPhone
		Release|iPhoneSimulator = Release|iPhoneSimulator
		Release|x64 = Release|x64
		Release|x86 = Release|x86
	EndGlobalSection
	GlobalSection(ProjectConfigurationPlatforms) = postSolution
		{A210980F-F562-41AE-AF9E-D14CEAC78730}.Ad-Hoc|Any CPU.ActiveCfg = Release|Any CPU
		{A210980F-F562-41AE-AF9E-D14CEAC78730}.Ad-Hoc|Any CPU.Build.0 = Release|Any CPU
		{A210980F-F562-41AE-AF9E-D14CEAC78730}.Ad-Hoc|Any CPU.Deploy.0 = Release|Any CPU
		{A210980F-F562-41AE-AF9E-D14CEAC78730}.Ad-Hoc|ARM.ActiveCfg = Release|Any CPU
		{A210980F-F562-41AE-AF9E-D14CEAC78730}.Ad-Hoc|ARM.Build.0 = Release|Any CPU
		{A210980F-F562-41AE-AF9E-D14CEAC78730}.Ad-Hoc|ARM.Deploy.0 = Release|Any CPU
		{A210980F-F562-41AE-AF9E-D14CEAC78730}.Ad-Hoc|iPhone.ActiveCfg = Release|Any CPU
		{A210980F-F562-41AE-AF9E-D14CEAC78730}.Ad-Hoc|iPhone.Build.0 = Release|Any CPU
		{A210980F-F562-41AE-AF9E-D14CEAC78730}.Ad-Hoc|iPhone.Deploy.0 = Release|Any CPU
		{A210980F-F562-41AE-AF9E-D14CEAC78730}.Ad-Hoc|iPhoneSimulator.ActiveCfg = Release|Any CPU
		{A210980F-F562-41AE-AF9E-D14CEAC78730}.Ad-Hoc|iPhoneSimulator.Build.0 = Release|Any CPU
		{A210980F-F562-41AE-AF9E-D14CEAC78730}.Ad-Hoc|iPhoneSimulator.Deploy.0 = Release|Any CPU
		{A210980F-F562-41AE-AF9E-D14CEAC78730}.Ad-Hoc|x64.ActiveCfg = Release|Any CPU
		{A210980F-F562-41AE-AF9E-D14CEAC78730}.Ad-Hoc|x64.Build.0 = Release|Any CPU
		{A210980F-F562-41AE-AF9E-D14CEAC78730}.Ad-Hoc|x64.Deploy.0 = Release|Any CPU
		{A210980F-F562-41AE-AF9E-D14CEAC78730}.Ad-Hoc|x86.ActiveCfg = Release|Any CPU
		{A210980F-F562-41AE-AF9E-D14CEAC78730}.Ad-Hoc|x86.Build.0 = Release|Any CPU
		{A210980F-F562-41AE-AF9E-D14CEAC78730}.Ad-Hoc|x86.Deploy.0 = Release|Any CPU
		{A210980F-F562-41AE-AF9E-D14CEAC78730}.AppStore|Any CPU.ActiveCfg = Release|Any CPU
		{A210980F-F562-41AE-AF9E-D14CEAC78730}.AppStore|Any CPU.Build.0 = Release|Any CPU
		{A210980F-F562-41AE-AF9E-D14CEAC78730}.AppStore|Any CPU.Deploy.0 = Release|Any CPU
		{A210980F-F562-41AE-AF9E-D14CEAC78730}.AppStore|ARM.ActiveCfg = Release|Any CPU
		{A210980F-F562-41AE-AF9E-D14CEAC78730}.AppStore|ARM.Build.0 = Release|Any CPU
		{A210980F-F562-41AE-AF9E-D14CEAC78730}.AppStore|ARM.Deploy.0 = Release|Any CPU
		{A210980F-F562-41AE-AF9E-D14CEAC78730}.AppStore|iPhone.ActiveCfg = Release|Any CPU
		{A210980F-F562-41AE-AF9E-D14CEAC78730}.AppStore|iPhone.Build.0 = Release|Any CPU
		{A210980F-F562-41AE-AF9E-D14CEAC78730}.AppStore|iPhone.Deploy.0 = Release|Any CPU
		{A210980F-F562-41AE-AF9E-D14CEAC78730}.AppStore|iPhoneSimulator.ActiveCfg = Release|Any CPU
		{A210980F-F562-41AE-AF9E-D14CEAC78730}.AppStore|iPhoneSimulator.Build.0 = Release|Any CPU
		{A210980F-F562-41AE-AF9E-D14CEAC78730}.AppStore|iPhoneSimulator.Deploy.0 = Release|Any CPU
		{A210980F-F562-41AE-AF9E-D14CEAC78730}.AppStore|x64.ActiveCfg = Release|Any CPU
		{A210980F-F562-41AE-AF9E-D14CEAC78730}.AppStore|x64.Build.0 = Release|Any CPU
		{A210980F-F562-41AE-AF9E-D14CEAC78730}.AppStore|x64.Deploy.0 = Release|Any CPU
		{A210980F-F562-41AE-AF9E-D14CEAC78730}.AppStore|x86.ActiveCfg = Release|Any CPU
		{A210980F-F562-41AE-AF9E-D14CEAC78730}.AppStore|x86.Build.0 = Release|Any CPU
		{A210980F-F562-41AE-AF9E-D14CEAC78730}.AppStore|x86.Deploy.0 = Release|Any CPU
		{A210980F-F562-41AE-AF9E-D14CEAC78730}.Debug|Any CPU.ActiveCfg = Debug|Any CPU
		{A210980F-F562-41AE-AF9E-D14CEAC78730}.Debug|Any CPU.Build.0 = Debug|Any CPU
		{A210980F-F562-41AE-AF9E-D14CEAC78730}.Debug|Any CPU.Deploy.0 = Debug|Any CPU
		{A210980F-F562-41AE-AF9E-D14CEAC78730}.Debug|ARM.ActiveCfg = Debug|Any CPU
		{A210980F-F562-41AE-AF9E-D14CEAC78730}.Debug|ARM.Build.0 = Debug|Any CPU
		{A210980F-F562-41AE-AF9E-D14CEAC78730}.Debug|ARM.Deploy.0 = Debug|Any CPU
		{A210980F-F562-41AE-AF9E-D14CEAC78730}.Debug|iPhone.ActiveCfg = Debug|Any CPU
		{A210980F-F562-41AE-AF9E-D14CEAC78730}.Debug|iPhone.Build.0 = Debug|Any CPU
		{A210980F-F562-41AE-AF9E-D14CEAC78730}.Debug|iPhone.Deploy.0 = Debug|Any CPU
		{A210980F-F562-41AE-AF9E-D14CEAC78730}.Debug|iPhoneSimulator.ActiveCfg = Debug|Any CPU
		{A210980F-F562-41AE-AF9E-D14CEAC78730}.Debug|iPhoneSimulator.Build.0 = Debug|Any CPU
		{A210980F-F562-41AE-AF9E-D14CEAC78730}.Debug|iPhoneSimulator.Deploy.0 = Debug|Any CPU
		{A210980F-F562-41AE-AF9E-D14CEAC78730}.Debug|x64.ActiveCfg = Debug|Any CPU
		{A210980F-F562-41AE-AF9E-D14CEAC78730}.Debug|x64.Build.0 = Debug|Any CPU
		{A210980F-F562-41AE-AF9E-D14CEAC78730}.Debug|x64.Deploy.0 = Debug|Any CPU
		{A210980F-F562-41AE-AF9E-D14CEAC78730}.Debug|x86.ActiveCfg = Debug|Any CPU
		{A210980F-F562-41AE-AF9E-D14CEAC78730}.Debug|x86.Build.0 = Debug|Any CPU
		{A210980F-F562-41AE-AF9E-D14CEAC78730}.Debug|x86.Deploy.0 = Debug|Any CPU
		{A210980F-F562-41AE-AF9E-D14CEAC78730}.Release|Any CPU.ActiveCfg = Release|Any CPU
		{A210980F-F562-41AE-AF9E-D14CEAC78730}.Release|Any CPU.Build.0 = Release|Any CPU
		{A210980F-F562-41AE-AF9E-D14CEAC78730}.Release|Any CPU.Deploy.0 = Release|Any CPU
		{A210980F-F562-41AE-AF9E-D14CEAC78730}.Release|ARM.ActiveCfg = Release|Any CPU
		{A210980F-F562-41AE-AF9E-D14CEAC78730}.Release|ARM.Build.0 = Release|Any CPU
		{A210980F-F562-41AE-AF9E-D14CEAC78730}.Release|ARM.Deploy.0 = Release|Any CPU
		{A210980F-F562-41AE-AF9E-D14CEAC78730}.Release|iPhone.ActiveCfg = Release|Any CPU
		{A210980F-F562-41AE-AF9E-D14CEAC78730}.Release|iPhone.Build.0 = Release|Any CPU
		{A210980F-F562-41AE-AF9E-D14CEAC78730}.Release|iPhone.Deploy.0 = Release|Any CPU
		{A210980F-F562-41AE-AF9E-D14CEAC78730}.Release|iPhoneSimulator.ActiveCfg = Release|Any CPU
		{A210980F-F562-41AE-AF9E-D14CEAC78730}.Release|iPhoneSimulator.Build.0 = Release|Any CPU
		{A210980F-F562-41AE-AF9E-D14CEAC78730}.Release|iPhoneSimulator.Deploy.0 = Release|Any CPU
		{A210980F-F562-41AE-AF9E-D14CEAC78730}.Release|x64.ActiveCfg = Release|Any CPU
		{A210980F-F562-41AE-AF9E-D14CEAC78730}.Release|x64.Build.0 = Release|Any CPU
		{A210980F-F562-41AE-AF9E-D14CEAC78730}.Release|x64.Deploy.0 = Release|Any CPU
		{A210980F-F562-41AE-AF9E-D14CEAC78730}.Release|x86.ActiveCfg = Release|Any CPU
		{A210980F-F562-41AE-AF9E-D14CEAC78730}.Release|x86.Build.0 = Release|Any CPU
		{A210980F-F562-41AE-AF9E-D14CEAC78730}.Release|x86.Deploy.0 = Release|Any CPU
		{EA6D0323-9D82-4919-9AB2-2E2A32DC0A30}.Ad-Hoc|Any CPU.ActiveCfg = Ad-Hoc|iPhone
		{EA6D0323-9D82-4919-9AB2-2E2A32DC0A30}.Ad-Hoc|ARM.ActiveCfg = Ad-Hoc|iPhone
		{EA6D0323-9D82-4919-9AB2-2E2A32DC0A30}.Ad-Hoc|iPhone.ActiveCfg = Ad-Hoc|iPhone
		{EA6D0323-9D82-4919-9AB2-2E2A32DC0A30}.Ad-Hoc|iPhone.Build.0 = Ad-Hoc|iPhone
		{EA6D0323-9D82-4919-9AB2-2E2A32DC0A30}.Ad-Hoc|iPhoneSimulator.ActiveCfg = Ad-Hoc|iPhoneSimulator
		{EA6D0323-9D82-4919-9AB2-2E2A32DC0A30}.Ad-Hoc|iPhoneSimulator.Build.0 = Ad-Hoc|iPhoneSimulator
		{EA6D0323-9D82-4919-9AB2-2E2A32DC0A30}.Ad-Hoc|x64.ActiveCfg = Ad-Hoc|iPhone
		{EA6D0323-9D82-4919-9AB2-2E2A32DC0A30}.Ad-Hoc|x86.ActiveCfg = Ad-Hoc|iPhone
		{EA6D0323-9D82-4919-9AB2-2E2A32DC0A30}.AppStore|Any CPU.ActiveCfg = AppStore|iPhone
		{EA6D0323-9D82-4919-9AB2-2E2A32DC0A30}.AppStore|ARM.ActiveCfg = AppStore|iPhone
		{EA6D0323-9D82-4919-9AB2-2E2A32DC0A30}.AppStore|iPhone.ActiveCfg = AppStore|iPhone
		{EA6D0323-9D82-4919-9AB2-2E2A32DC0A30}.AppStore|iPhone.Build.0 = AppStore|iPhone
		{EA6D0323-9D82-4919-9AB2-2E2A32DC0A30}.AppStore|iPhoneSimulator.ActiveCfg = AppStore|iPhoneSimulator
		{EA6D0323-9D82-4919-9AB2-2E2A32DC0A30}.AppStore|iPhoneSimulator.Build.0 = AppStore|iPhoneSimulator
		{EA6D0323-9D82-4919-9AB2-2E2A32DC0A30}.AppStore|x64.ActiveCfg = AppStore|iPhone
		{EA6D0323-9D82-4919-9AB2-2E2A32DC0A30}.AppStore|x86.ActiveCfg = AppStore|iPhone
		{EA6D0323-9D82-4919-9AB2-2E2A32DC0A30}.Debug|Any CPU.ActiveCfg = Debug|iPhone
		{EA6D0323-9D82-4919-9AB2-2E2A32DC0A30}.Debug|ARM.ActiveCfg = Debug|iPhone
		{EA6D0323-9D82-4919-9AB2-2E2A32DC0A30}.Debug|iPhone.ActiveCfg = Debug|iPhone
		{EA6D0323-9D82-4919-9AB2-2E2A32DC0A30}.Debug|iPhone.Build.0 = Debug|iPhone
		{EA6D0323-9D82-4919-9AB2-2E2A32DC0A30}.Debug|iPhoneSimulator.ActiveCfg = Debug|iPhoneSimulator
		{EA6D0323-9D82-4919-9AB2-2E2A32DC0A30}.Debug|iPhoneSimulator.Build.0 = Debug|iPhoneSimulator
		{EA6D0323-9D82-4919-9AB2-2E2A32DC0A30}.Debug|x64.ActiveCfg = Debug|iPhone
		{EA6D0323-9D82-4919-9AB2-2E2A32DC0A30}.Debug|x86.ActiveCfg = Debug|iPhone
		{EA6D0323-9D82-4919-9AB2-2E2A32DC0A30}.Release|Any CPU.ActiveCfg = Release|iPhone
		{EA6D0323-9D82-4919-9AB2-2E2A32DC0A30}.Release|ARM.ActiveCfg = Release|iPhone
		{EA6D0323-9D82-4919-9AB2-2E2A32DC0A30}.Release|iPhone.ActiveCfg = Release|iPhone
		{EA6D0323-9D82-4919-9AB2-2E2A32DC0A30}.Release|iPhone.Build.0 = Release|iPhone
		{EA6D0323-9D82-4919-9AB2-2E2A32DC0A30}.Release|iPhoneSimulator.ActiveCfg = Release|iPhoneSimulator
		{EA6D0323-9D82-4919-9AB2-2E2A32DC0A30}.Release|iPhoneSimulator.Build.0 = Release|iPhoneSimulator
		{EA6D0323-9D82-4919-9AB2-2E2A32DC0A30}.Release|x64.ActiveCfg = Release|iPhone
		{EA6D0323-9D82-4919-9AB2-2E2A32DC0A30}.Release|x86.ActiveCfg = Release|iPhone
		{4971D7DA-EE36-4DED-B0C2-B29A2C372B3B}.Ad-Hoc|Any CPU.ActiveCfg = Release|Any CPU
		{4971D7DA-EE36-4DED-B0C2-B29A2C372B3B}.Ad-Hoc|Any CPU.Build.0 = Release|Any CPU
		{4971D7DA-EE36-4DED-B0C2-B29A2C372B3B}.Ad-Hoc|Any CPU.Deploy.0 = Release|Any CPU
		{4971D7DA-EE36-4DED-B0C2-B29A2C372B3B}.Ad-Hoc|ARM.ActiveCfg = Release|ARM
		{4971D7DA-EE36-4DED-B0C2-B29A2C372B3B}.Ad-Hoc|ARM.Build.0 = Release|ARM
		{4971D7DA-EE36-4DED-B0C2-B29A2C372B3B}.Ad-Hoc|ARM.Deploy.0 = Release|ARM
		{4971D7DA-EE36-4DED-B0C2-B29A2C372B3B}.Ad-Hoc|iPhone.ActiveCfg = Release|Any CPU
		{4971D7DA-EE36-4DED-B0C2-B29A2C372B3B}.Ad-Hoc|iPhone.Build.0 = Release|Any CPU
		{4971D7DA-EE36-4DED-B0C2-B29A2C372B3B}.Ad-Hoc|iPhone.Deploy.0 = Release|Any CPU
		{4971D7DA-EE36-4DED-B0C2-B29A2C372B3B}.Ad-Hoc|iPhoneSimulator.ActiveCfg = Release|Any CPU
		{4971D7DA-EE36-4DED-B0C2-B29A2C372B3B}.Ad-Hoc|iPhoneSimulator.Build.0 = Release|Any CPU
		{4971D7DA-EE36-4DED-B0C2-B29A2C372B3B}.Ad-Hoc|iPhoneSimulator.Deploy.0 = Release|Any CPU
		{4971D7DA-EE36-4DED-B0C2-B29A2C372B3B}.Ad-Hoc|x64.ActiveCfg = Release|Any CPU
		{4971D7DA-EE36-4DED-B0C2-B29A2C372B3B}.Ad-Hoc|x64.Build.0 = Release|Any CPU
		{4971D7DA-EE36-4DED-B0C2-B29A2C372B3B}.Ad-Hoc|x64.Deploy.0 = Release|Any CPU
		{4971D7DA-EE36-4DED-B0C2-B29A2C372B3B}.Ad-Hoc|x86.ActiveCfg = Release|x86
		{4971D7DA-EE36-4DED-B0C2-B29A2C372B3B}.Ad-Hoc|x86.Build.0 = Release|x86
		{4971D7DA-EE36-4DED-B0C2-B29A2C372B3B}.Ad-Hoc|x86.Deploy.0 = Release|x86
		{4971D7DA-EE36-4DED-B0C2-B29A2C372B3B}.AppStore|Any CPU.ActiveCfg = Release|Any CPU
		{4971D7DA-EE36-4DED-B0C2-B29A2C372B3B}.AppStore|Any CPU.Build.0 = Release|Any CPU
		{4971D7DA-EE36-4DED-B0C2-B29A2C372B3B}.AppStore|Any CPU.Deploy.0 = Release|Any CPU
		{4971D7DA-EE36-4DED-B0C2-B29A2C372B3B}.AppStore|ARM.ActiveCfg = Release|ARM
		{4971D7DA-EE36-4DED-B0C2-B29A2C372B3B}.AppStore|ARM.Build.0 = Release|ARM
		{4971D7DA-EE36-4DED-B0C2-B29A2C372B3B}.AppStore|ARM.Deploy.0 = Release|ARM
		{4971D7DA-EE36-4DED-B0C2-B29A2C372B3B}.AppStore|iPhone.ActiveCfg = Release|Any CPU
		{4971D7DA-EE36-4DED-B0C2-B29A2C372B3B}.AppStore|iPhone.Build.0 = Release|Any CPU
		{4971D7DA-EE36-4DED-B0C2-B29A2C372B3B}.AppStore|iPhone.Deploy.0 = Release|Any CPU
		{4971D7DA-EE36-4DED-B0C2-B29A2C372B3B}.AppStore|iPhoneSimulator.ActiveCfg = Release|Any CPU
		{4971D7DA-EE36-4DED-B0C2-B29A2C372B3B}.AppStore|iPhoneSimulator.Build.0 = Release|Any CPU
		{4971D7DA-EE36-4DED-B0C2-B29A2C372B3B}.AppStore|iPhoneSimulator.Deploy.0 = Release|Any CPU
		{4971D7DA-EE36-4DED-B0C2-B29A2C372B3B}.AppStore|x64.ActiveCfg = Release|Any CPU
		{4971D7DA-EE36-4DED-B0C2-B29A2C372B3B}.AppStore|x64.Build.0 = Release|Any CPU
		{4971D7DA-EE36-4DED-B0C2-B29A2C372B3B}.AppStore|x64.Deploy.0 = Release|Any CPU
		{4971D7DA-EE36-4DED-B0C2-B29A2C372B3B}.AppStore|x86.ActiveCfg = Release|x86
		{4971D7DA-EE36-4DED-B0C2-B29A2C372B3B}.AppStore|x86.Build.0 = Release|x86
		{4971D7DA-EE36-4DED-B0C2-B29A2C372B3B}.AppStore|x86.Deploy.0 = Release|x86
		{4971D7DA-EE36-4DED-B0C2-B29A2C372B3B}.Debug|Any CPU.ActiveCfg = Debug|Any CPU
		{4971D7DA-EE36-4DED-B0C2-B29A2C372B3B}.Debug|Any CPU.Build.0 = Debug|Any CPU
		{4971D7DA-EE36-4DED-B0C2-B29A2C372B3B}.Debug|Any CPU.Deploy.0 = Debug|Any CPU
		{4971D7DA-EE36-4DED-B0C2-B29A2C372B3B}.Debug|ARM.ActiveCfg = Debug|ARM
		{4971D7DA-EE36-4DED-B0C2-B29A2C372B3B}.Debug|ARM.Build.0 = Debug|ARM
		{4971D7DA-EE36-4DED-B0C2-B29A2C372B3B}.Debug|ARM.Deploy.0 = Debug|ARM
		{4971D7DA-EE36-4DED-B0C2-B29A2C372B3B}.Debug|iPhone.ActiveCfg = Debug|Any CPU
		{4971D7DA-EE36-4DED-B0C2-B29A2C372B3B}.Debug|iPhone.Build.0 = Debug|Any CPU
		{4971D7DA-EE36-4DED-B0C2-B29A2C372B3B}.Debug|iPhone.Deploy.0 = Debug|Any CPU
		{4971D7DA-EE36-4DED-B0C2-B29A2C372B3B}.Debug|iPhoneSimulator.ActiveCfg = Debug|Any CPU
		{4971D7DA-EE36-4DED-B0C2-B29A2C372B3B}.Debug|iPhoneSimulator.Build.0 = Debug|Any CPU
		{4971D7DA-EE36-4DED-B0C2-B29A2C372B3B}.Debug|iPhoneSimulator.Deploy.0 = Debug|Any CPU
		{4971D7DA-EE36-4DED-B0C2-B29A2C372B3B}.Debug|x64.ActiveCfg = Debug|Any CPU
		{4971D7DA-EE36-4DED-B0C2-B29A2C372B3B}.Debug|x64.Build.0 = Debug|Any CPU
		{4971D7DA-EE36-4DED-B0C2-B29A2C372B3B}.Debug|x64.Deploy.0 = Debug|Any CPU
		{4971D7DA-EE36-4DED-B0C2-B29A2C372B3B}.Debug|x86.ActiveCfg = Debug|x86
		{4971D7DA-EE36-4DED-B0C2-B29A2C372B3B}.Debug|x86.Build.0 = Debug|x86
		{4971D7DA-EE36-4DED-B0C2-B29A2C372B3B}.Debug|x86.Deploy.0 = Debug|x86
		{4971D7DA-EE36-4DED-B0C2-B29A2C372B3B}.Release|Any CPU.ActiveCfg = Release|Any CPU
		{4971D7DA-EE36-4DED-B0C2-B29A2C372B3B}.Release|Any CPU.Build.0 = Release|Any CPU
		{4971D7DA-EE36-4DED-B0C2-B29A2C372B3B}.Release|Any CPU.Deploy.0 = Release|Any CPU
		{4971D7DA-EE36-4DED-B0C2-B29A2C372B3B}.Release|ARM.ActiveCfg = Release|ARM
		{4971D7DA-EE36-4DED-B0C2-B29A2C372B3B}.Release|ARM.Build.0 = Release|ARM
		{4971D7DA-EE36-4DED-B0C2-B29A2C372B3B}.Release|ARM.Deploy.0 = Release|ARM
		{4971D7DA-EE36-4DED-B0C2-B29A2C372B3B}.Release|iPhone.ActiveCfg = Release|Any CPU
		{4971D7DA-EE36-4DED-B0C2-B29A2C372B3B}.Release|iPhone.Build.0 = Release|Any CPU
		{4971D7DA-EE36-4DED-B0C2-B29A2C372B3B}.Release|iPhone.Deploy.0 = Release|Any CPU
		{4971D7DA-EE36-4DED-B0C2-B29A2C372B3B}.Release|iPhoneSimulator.ActiveCfg = Release|Any CPU
		{4971D7DA-EE36-4DED-B0C2-B29A2C372B3B}.Release|iPhoneSimulator.Build.0 = Release|Any CPU
		{4971D7DA-EE36-4DED-B0C2-B29A2C372B3B}.Release|iPhoneSimulator.Deploy.0 = Release|Any CPU
		{4971D7DA-EE36-4DED-B0C2-B29A2C372B3B}.Release|x64.ActiveCfg = Release|Any CPU
		{4971D7DA-EE36-4DED-B0C2-B29A2C372B3B}.Release|x64.Build.0 = Release|Any CPU
		{4971D7DA-EE36-4DED-B0C2-B29A2C372B3B}.Release|x64.Deploy.0 = Release|Any CPU
		{4971D7DA-EE36-4DED-B0C2-B29A2C372B3B}.Release|x86.ActiveCfg = Release|x86
		{4971D7DA-EE36-4DED-B0C2-B29A2C372B3B}.Release|x86.Build.0 = Release|x86
		{4971D7DA-EE36-4DED-B0C2-B29A2C372B3B}.Release|x86.Deploy.0 = Release|x86
		{D30FE9CA-1081-4389-9BD2-970C776A5CF9}.Ad-Hoc|Any CPU.ActiveCfg = Release|x86
		{D30FE9CA-1081-4389-9BD2-970C776A5CF9}.Ad-Hoc|Any CPU.Build.0 = Release|x86
		{D30FE9CA-1081-4389-9BD2-970C776A5CF9}.Ad-Hoc|Any CPU.Deploy.0 = Release|x86
		{D30FE9CA-1081-4389-9BD2-970C776A5CF9}.Ad-Hoc|ARM.ActiveCfg = Release|ARM
		{D30FE9CA-1081-4389-9BD2-970C776A5CF9}.Ad-Hoc|ARM.Build.0 = Release|ARM
		{D30FE9CA-1081-4389-9BD2-970C776A5CF9}.Ad-Hoc|ARM.Deploy.0 = Release|ARM
		{D30FE9CA-1081-4389-9BD2-970C776A5CF9}.Ad-Hoc|iPhone.ActiveCfg = Release|x86
		{D30FE9CA-1081-4389-9BD2-970C776A5CF9}.Ad-Hoc|iPhone.Build.0 = Release|x86
		{D30FE9CA-1081-4389-9BD2-970C776A5CF9}.Ad-Hoc|iPhone.Deploy.0 = Release|x86
		{D30FE9CA-1081-4389-9BD2-970C776A5CF9}.Ad-Hoc|iPhoneSimulator.ActiveCfg = Release|x86
		{D30FE9CA-1081-4389-9BD2-970C776A5CF9}.Ad-Hoc|iPhoneSimulator.Build.0 = Release|x86
		{D30FE9CA-1081-4389-9BD2-970C776A5CF9}.Ad-Hoc|iPhoneSimulator.Deploy.0 = Release|x86
		{D30FE9CA-1081-4389-9BD2-970C776A5CF9}.Ad-Hoc|x64.ActiveCfg = Release|x64
		{D30FE9CA-1081-4389-9BD2-970C776A5CF9}.Ad-Hoc|x64.Build.0 = Release|x64
		{D30FE9CA-1081-4389-9BD2-970C776A5CF9}.Ad-Hoc|x64.Deploy.0 = Release|x64
		{D30FE9CA-1081-4389-9BD2-970C776A5CF9}.Ad-Hoc|x86.ActiveCfg = Release|x86
		{D30FE9CA-1081-4389-9BD2-970C776A5CF9}.Ad-Hoc|x86.Build.0 = Release|x86
		{D30FE9CA-1081-4389-9BD2-970C776A5CF9}.Ad-Hoc|x86.Deploy.0 = Release|x86
		{D30FE9CA-1081-4389-9BD2-970C776A5CF9}.AppStore|Any CPU.ActiveCfg = Release|x86
		{D30FE9CA-1081-4389-9BD2-970C776A5CF9}.AppStore|Any CPU.Build.0 = Release|x86
		{D30FE9CA-1081-4389-9BD2-970C776A5CF9}.AppStore|Any CPU.Deploy.0 = Release|x86
		{D30FE9CA-1081-4389-9BD2-970C776A5CF9}.AppStore|ARM.ActiveCfg = Release|ARM
		{D30FE9CA-1081-4389-9BD2-970C776A5CF9}.AppStore|ARM.Build.0 = Release|ARM
		{D30FE9CA-1081-4389-9BD2-970C776A5CF9}.AppStore|ARM.Deploy.0 = Release|ARM
		{D30FE9CA-1081-4389-9BD2-970C776A5CF9}.AppStore|iPhone.ActiveCfg = Release|x86
		{D30FE9CA-1081-4389-9BD2-970C776A5CF9}.AppStore|iPhone.Build.0 = Release|x86
		{D30FE9CA-1081-4389-9BD2-970C776A5CF9}.AppStore|iPhone.Deploy.0 = Release|x86
		{D30FE9CA-1081-4389-9BD2-970C776A5CF9}.AppStore|iPhoneSimulator.ActiveCfg = Release|x86
		{D30FE9CA-1081-4389-9BD2-970C776A5CF9}.AppStore|iPhoneSimulator.Build.0 = Release|x86
		{D30FE9CA-1081-4389-9BD2-970C776A5CF9}.AppStore|iPhoneSimulator.Deploy.0 = Release|x86
		{D30FE9CA-1081-4389-9BD2-970C776A5CF9}.AppStore|x64.ActiveCfg = Release|x64
		{D30FE9CA-1081-4389-9BD2-970C776A5CF9}.AppStore|x64.Build.0 = Release|x64
		{D30FE9CA-1081-4389-9BD2-970C776A5CF9}.AppStore|x64.Deploy.0 = Release|x64
		{D30FE9CA-1081-4389-9BD2-970C776A5CF9}.AppStore|x86.ActiveCfg = Release|x86
		{D30FE9CA-1081-4389-9BD2-970C776A5CF9}.AppStore|x86.Build.0 = Release|x86
		{D30FE9CA-1081-4389-9BD2-970C776A5CF9}.AppStore|x86.Deploy.0 = Release|x86
		{D30FE9CA-1081-4389-9BD2-970C776A5CF9}.Debug|Any CPU.ActiveCfg = Debug|x86
		{D30FE9CA-1081-4389-9BD2-970C776A5CF9}.Debug|ARM.ActiveCfg = Debug|ARM
		{D30FE9CA-1081-4389-9BD2-970C776A5CF9}.Debug|ARM.Build.0 = Debug|ARM
		{D30FE9CA-1081-4389-9BD2-970C776A5CF9}.Debug|ARM.Deploy.0 = Debug|ARM
		{D30FE9CA-1081-4389-9BD2-970C776A5CF9}.Debug|iPhone.ActiveCfg = Debug|x86
		{D30FE9CA-1081-4389-9BD2-970C776A5CF9}.Debug|iPhoneSimulator.ActiveCfg = Debug|x86
		{D30FE9CA-1081-4389-9BD2-970C776A5CF9}.Debug|x64.ActiveCfg = Debug|x64
		{D30FE9CA-1081-4389-9BD2-970C776A5CF9}.Debug|x64.Build.0 = Debug|x64
		{D30FE9CA-1081-4389-9BD2-970C776A5CF9}.Debug|x64.Deploy.0 = Debug|x64
		{D30FE9CA-1081-4389-9BD2-970C776A5CF9}.Debug|x86.ActiveCfg = Debug|x86
		{D30FE9CA-1081-4389-9BD2-970C776A5CF9}.Debug|x86.Build.0 = Debug|x86
		{D30FE9CA-1081-4389-9BD2-970C776A5CF9}.Debug|x86.Deploy.0 = Debug|x86
		{D30FE9CA-1081-4389-9BD2-970C776A5CF9}.Release|Any CPU.ActiveCfg = Release|x86
		{D30FE9CA-1081-4389-9BD2-970C776A5CF9}.Release|ARM.ActiveCfg = Release|ARM
		{D30FE9CA-1081-4389-9BD2-970C776A5CF9}.Release|ARM.Build.0 = Release|ARM
		{D30FE9CA-1081-4389-9BD2-970C776A5CF9}.Release|ARM.Deploy.0 = Release|ARM
		{D30FE9CA-1081-4389-9BD2-970C776A5CF9}.Release|iPhone.ActiveCfg = Release|x86
		{D30FE9CA-1081-4389-9BD2-970C776A5CF9}.Release|iPhoneSimulator.ActiveCfg = Release|x86
		{D30FE9CA-1081-4389-9BD2-970C776A5CF9}.Release|x64.ActiveCfg = Release|x64
		{D30FE9CA-1081-4389-9BD2-970C776A5CF9}.Release|x64.Build.0 = Release|x64
		{D30FE9CA-1081-4389-9BD2-970C776A5CF9}.Release|x64.Deploy.0 = Release|x64
		{D30FE9CA-1081-4389-9BD2-970C776A5CF9}.Release|x86.ActiveCfg = Release|x86
		{D30FE9CA-1081-4389-9BD2-970C776A5CF9}.Release|x86.Build.0 = Release|x86
		{D30FE9CA-1081-4389-9BD2-970C776A5CF9}.Release|x86.Deploy.0 = Release|x86
		{9531D50B-6522-4F49-BFDB-3911C53EC47F}.Ad-Hoc|Any CPU.ActiveCfg = Release|Any CPU
		{9531D50B-6522-4F49-BFDB-3911C53EC47F}.Ad-Hoc|Any CPU.Build.0 = Release|Any CPU
		{9531D50B-6522-4F49-BFDB-3911C53EC47F}.Ad-Hoc|Any CPU.Deploy.0 = Release|Any CPU
		{9531D50B-6522-4F49-BFDB-3911C53EC47F}.Ad-Hoc|ARM.ActiveCfg = Release|ARM
		{9531D50B-6522-4F49-BFDB-3911C53EC47F}.Ad-Hoc|ARM.Build.0 = Release|ARM
		{9531D50B-6522-4F49-BFDB-3911C53EC47F}.Ad-Hoc|ARM.Deploy.0 = Release|ARM
		{9531D50B-6522-4F49-BFDB-3911C53EC47F}.Ad-Hoc|iPhone.ActiveCfg = Release|Any CPU
		{9531D50B-6522-4F49-BFDB-3911C53EC47F}.Ad-Hoc|iPhone.Build.0 = Release|Any CPU
		{9531D50B-6522-4F49-BFDB-3911C53EC47F}.Ad-Hoc|iPhone.Deploy.0 = Release|Any CPU
		{9531D50B-6522-4F49-BFDB-3911C53EC47F}.Ad-Hoc|iPhoneSimulator.ActiveCfg = Release|Any CPU
		{9531D50B-6522-4F49-BFDB-3911C53EC47F}.Ad-Hoc|iPhoneSimulator.Build.0 = Release|Any CPU
		{9531D50B-6522-4F49-BFDB-3911C53EC47F}.Ad-Hoc|iPhoneSimulator.Deploy.0 = Release|Any CPU
		{9531D50B-6522-4F49-BFDB-3911C53EC47F}.Ad-Hoc|x64.ActiveCfg = Release|x64
		{9531D50B-6522-4F49-BFDB-3911C53EC47F}.Ad-Hoc|x64.Build.0 = Release|x64
		{9531D50B-6522-4F49-BFDB-3911C53EC47F}.Ad-Hoc|x64.Deploy.0 = Release|x64
		{9531D50B-6522-4F49-BFDB-3911C53EC47F}.Ad-Hoc|x86.ActiveCfg = Release|x86
		{9531D50B-6522-4F49-BFDB-3911C53EC47F}.Ad-Hoc|x86.Build.0 = Release|x86
		{9531D50B-6522-4F49-BFDB-3911C53EC47F}.Ad-Hoc|x86.Deploy.0 = Release|x86
		{9531D50B-6522-4F49-BFDB-3911C53EC47F}.AppStore|Any CPU.ActiveCfg = Release|Any CPU
		{9531D50B-6522-4F49-BFDB-3911C53EC47F}.AppStore|Any CPU.Build.0 = Release|Any CPU
		{9531D50B-6522-4F49-BFDB-3911C53EC47F}.AppStore|Any CPU.Deploy.0 = Release|Any CPU
		{9531D50B-6522-4F49-BFDB-3911C53EC47F}.AppStore|ARM.ActiveCfg = Release|ARM
		{9531D50B-6522-4F49-BFDB-3911C53EC47F}.AppStore|ARM.Build.0 = Release|ARM
		{9531D50B-6522-4F49-BFDB-3911C53EC47F}.AppStore|ARM.Deploy.0 = Release|ARM
		{9531D50B-6522-4F49-BFDB-3911C53EC47F}.AppStore|iPhone.ActiveCfg = Release|Any CPU
		{9531D50B-6522-4F49-BFDB-3911C53EC47F}.AppStore|iPhone.Build.0 = Release|Any CPU
		{9531D50B-6522-4F49-BFDB-3911C53EC47F}.AppStore|iPhone.Deploy.0 = Release|Any CPU
		{9531D50B-6522-4F49-BFDB-3911C53EC47F}.AppStore|iPhoneSimulator.ActiveCfg = Release|Any CPU
		{9531D50B-6522-4F49-BFDB-3911C53EC47F}.AppStore|iPhoneSimulator.Build.0 = Release|Any CPU
		{9531D50B-6522-4F49-BFDB-3911C53EC47F}.AppStore|iPhoneSimulator.Deploy.0 = Release|Any CPU
		{9531D50B-6522-4F49-BFDB-3911C53EC47F}.AppStore|x64.ActiveCfg = Release|x64
		{9531D50B-6522-4F49-BFDB-3911C53EC47F}.AppStore|x64.Build.0 = Release|x64
		{9531D50B-6522-4F49-BFDB-3911C53EC47F}.AppStore|x64.Deploy.0 = Release|x64
		{9531D50B-6522-4F49-BFDB-3911C53EC47F}.AppStore|x86.ActiveCfg = Release|x86
		{9531D50B-6522-4F49-BFDB-3911C53EC47F}.AppStore|x86.Build.0 = Release|x86
		{9531D50B-6522-4F49-BFDB-3911C53EC47F}.AppStore|x86.Deploy.0 = Release|x86
		{9531D50B-6522-4F49-BFDB-3911C53EC47F}.Debug|Any CPU.ActiveCfg = Debug|Any CPU
		{9531D50B-6522-4F49-BFDB-3911C53EC47F}.Debug|Any CPU.Build.0 = Debug|Any CPU
		{9531D50B-6522-4F49-BFDB-3911C53EC47F}.Debug|Any CPU.Deploy.0 = Debug|Any CPU
		{9531D50B-6522-4F49-BFDB-3911C53EC47F}.Debug|ARM.ActiveCfg = Debug|ARM
		{9531D50B-6522-4F49-BFDB-3911C53EC47F}.Debug|ARM.Build.0 = Debug|ARM
		{9531D50B-6522-4F49-BFDB-3911C53EC47F}.Debug|ARM.Deploy.0 = Debug|ARM
		{9531D50B-6522-4F49-BFDB-3911C53EC47F}.Debug|iPhone.ActiveCfg = Debug|Any CPU
		{9531D50B-6522-4F49-BFDB-3911C53EC47F}.Debug|iPhone.Build.0 = Debug|Any CPU
		{9531D50B-6522-4F49-BFDB-3911C53EC47F}.Debug|iPhone.Deploy.0 = Debug|Any CPU
		{9531D50B-6522-4F49-BFDB-3911C53EC47F}.Debug|iPhoneSimulator.ActiveCfg = Debug|Any CPU
		{9531D50B-6522-4F49-BFDB-3911C53EC47F}.Debug|iPhoneSimulator.Build.0 = Debug|Any CPU
		{9531D50B-6522-4F49-BFDB-3911C53EC47F}.Debug|iPhoneSimulator.Deploy.0 = Debug|Any CPU
		{9531D50B-6522-4F49-BFDB-3911C53EC47F}.Debug|x64.ActiveCfg = Debug|x64
		{9531D50B-6522-4F49-BFDB-3911C53EC47F}.Debug|x64.Build.0 = Debug|x64
		{9531D50B-6522-4F49-BFDB-3911C53EC47F}.Debug|x64.Deploy.0 = Debug|x64
		{9531D50B-6522-4F49-BFDB-3911C53EC47F}.Debug|x86.ActiveCfg = Debug|x86
		{9531D50B-6522-4F49-BFDB-3911C53EC47F}.Debug|x86.Build.0 = Debug|x86
		{9531D50B-6522-4F49-BFDB-3911C53EC47F}.Debug|x86.Deploy.0 = Debug|x86
		{9531D50B-6522-4F49-BFDB-3911C53EC47F}.Release|Any CPU.ActiveCfg = Release|Any CPU
		{9531D50B-6522-4F49-BFDB-3911C53EC47F}.Release|Any CPU.Build.0 = Release|Any CPU
		{9531D50B-6522-4F49-BFDB-3911C53EC47F}.Release|Any CPU.Deploy.0 = Release|Any CPU
		{9531D50B-6522-4F49-BFDB-3911C53EC47F}.Release|ARM.ActiveCfg = Release|ARM
		{9531D50B-6522-4F49-BFDB-3911C53EC47F}.Release|ARM.Build.0 = Release|ARM
		{9531D50B-6522-4F49-BFDB-3911C53EC47F}.Release|ARM.Deploy.0 = Release|ARM
		{9531D50B-6522-4F49-BFDB-3911C53EC47F}.Release|iPhone.ActiveCfg = Release|Any CPU
		{9531D50B-6522-4F49-BFDB-3911C53EC47F}.Release|iPhone.Build.0 = Release|Any CPU
		{9531D50B-6522-4F49-BFDB-3911C53EC47F}.Release|iPhone.Deploy.0 = Release|Any CPU
		{9531D50B-6522-4F49-BFDB-3911C53EC47F}.Release|iPhoneSimulator.ActiveCfg = Release|Any CPU
		{9531D50B-6522-4F49-BFDB-3911C53EC47F}.Release|iPhoneSimulator.Build.0 = Release|Any CPU
		{9531D50B-6522-4F49-BFDB-3911C53EC47F}.Release|iPhoneSimulator.Deploy.0 = Release|Any CPU
		{9531D50B-6522-4F49-BFDB-3911C53EC47F}.Release|x64.ActiveCfg = Release|x64
		{9531D50B-6522-4F49-BFDB-3911C53EC47F}.Release|x64.Build.0 = Release|x64
		{9531D50B-6522-4F49-BFDB-3911C53EC47F}.Release|x64.Deploy.0 = Release|x64
		{9531D50B-6522-4F49-BFDB-3911C53EC47F}.Release|x86.ActiveCfg = Release|x86
		{9531D50B-6522-4F49-BFDB-3911C53EC47F}.Release|x86.Build.0 = Release|x86
		{9531D50B-6522-4F49-BFDB-3911C53EC47F}.Release|x86.Deploy.0 = Release|x86
		{262C585C-A413-4070-B1EC-E9FB254BC7CA}.Ad-Hoc|Any CPU.ActiveCfg = Release|Any CPU
		{262C585C-A413-4070-B1EC-E9FB254BC7CA}.Ad-Hoc|Any CPU.Build.0 = Release|Any CPU
		{262C585C-A413-4070-B1EC-E9FB254BC7CA}.Ad-Hoc|ARM.ActiveCfg = Release|Any CPU
		{262C585C-A413-4070-B1EC-E9FB254BC7CA}.Ad-Hoc|ARM.Build.0 = Release|Any CPU
		{262C585C-A413-4070-B1EC-E9FB254BC7CA}.Ad-Hoc|iPhone.ActiveCfg = Release|Any CPU
		{262C585C-A413-4070-B1EC-E9FB254BC7CA}.Ad-Hoc|iPhone.Build.0 = Release|Any CPU
		{262C585C-A413-4070-B1EC-E9FB254BC7CA}.Ad-Hoc|iPhoneSimulator.ActiveCfg = Release|Any CPU
		{262C585C-A413-4070-B1EC-E9FB254BC7CA}.Ad-Hoc|iPhoneSimulator.Build.0 = Release|Any CPU
		{262C585C-A413-4070-B1EC-E9FB254BC7CA}.Ad-Hoc|x64.ActiveCfg = Release|Any CPU
		{262C585C-A413-4070-B1EC-E9FB254BC7CA}.Ad-Hoc|x64.Build.0 = Release|Any CPU
		{262C585C-A413-4070-B1EC-E9FB254BC7CA}.Ad-Hoc|x86.ActiveCfg = Release|Any CPU
		{262C585C-A413-4070-B1EC-E9FB254BC7CA}.Ad-Hoc|x86.Build.0 = Release|Any CPU
		{262C585C-A413-4070-B1EC-E9FB254BC7CA}.AppStore|Any CPU.ActiveCfg = Release|Any CPU
		{262C585C-A413-4070-B1EC-E9FB254BC7CA}.AppStore|Any CPU.Build.0 = Release|Any CPU
		{262C585C-A413-4070-B1EC-E9FB254BC7CA}.AppStore|ARM.ActiveCfg = Release|Any CPU
		{262C585C-A413-4070-B1EC-E9FB254BC7CA}.AppStore|ARM.Build.0 = Release|Any CPU
		{262C585C-A413-4070-B1EC-E9FB254BC7CA}.AppStore|iPhone.ActiveCfg = Release|Any CPU
		{262C585C-A413-4070-B1EC-E9FB254BC7CA}.AppStore|iPhone.Build.0 = Release|Any CPU
		{262C585C-A413-4070-B1EC-E9FB254BC7CA}.AppStore|iPhoneSimulator.ActiveCfg = Release|Any CPU
		{262C585C-A413-4070-B1EC-E9FB254BC7CA}.AppStore|iPhoneSimulator.Build.0 = Release|Any CPU
		{262C585C-A413-4070-B1EC-E9FB254BC7CA}.AppStore|x64.ActiveCfg = Release|Any CPU
		{262C585C-A413-4070-B1EC-E9FB254BC7CA}.AppStore|x64.Build.0 = Release|Any CPU
		{262C585C-A413-4070-B1EC-E9FB254BC7CA}.AppStore|x86.ActiveCfg = Release|Any CPU
		{262C585C-A413-4070-B1EC-E9FB254BC7CA}.AppStore|x86.Build.0 = Release|Any CPU
		{262C585C-A413-4070-B1EC-E9FB254BC7CA}.Debug|Any CPU.ActiveCfg = Debug|Any CPU
		{262C585C-A413-4070-B1EC-E9FB254BC7CA}.Debug|Any CPU.Build.0 = Debug|Any CPU
		{262C585C-A413-4070-B1EC-E9FB254BC7CA}.Debug|ARM.ActiveCfg = Debug|Any CPU
		{262C585C-A413-4070-B1EC-E9FB254BC7CA}.Debug|ARM.Build.0 = Debug|Any CPU
		{262C585C-A413-4070-B1EC-E9FB254BC7CA}.Debug|iPhone.ActiveCfg = Debug|Any CPU
		{262C585C-A413-4070-B1EC-E9FB254BC7CA}.Debug|iPhone.Build.0 = Debug|Any CPU
		{262C585C-A413-4070-B1EC-E9FB254BC7CA}.Debug|iPhoneSimulator.ActiveCfg = Debug|Any CPU
		{262C585C-A413-4070-B1EC-E9FB254BC7CA}.Debug|iPhoneSimulator.Build.0 = Debug|Any CPU
		{262C585C-A413-4070-B1EC-E9FB254BC7CA}.Debug|x64.ActiveCfg = Debug|Any CPU
		{262C585C-A413-4070-B1EC-E9FB254BC7CA}.Debug|x64.Build.0 = Debug|Any CPU
		{262C585C-A413-4070-B1EC-E9FB254BC7CA}.Debug|x86.ActiveCfg = Debug|Any CPU
		{262C585C-A413-4070-B1EC-E9FB254BC7CA}.Debug|x86.Build.0 = Debug|Any CPU
		{262C585C-A413-4070-B1EC-E9FB254BC7CA}.Release|Any CPU.ActiveCfg = Release|Any CPU
		{262C585C-A413-4070-B1EC-E9FB254BC7CA}.Release|Any CPU.Build.0 = Release|Any CPU
		{262C585C-A413-4070-B1EC-E9FB254BC7CA}.Release|ARM.ActiveCfg = Release|Any CPU
		{262C585C-A413-4070-B1EC-E9FB254BC7CA}.Release|ARM.Build.0 = Release|Any CPU
		{262C585C-A413-4070-B1EC-E9FB254BC7CA}.Release|iPhone.ActiveCfg = Release|Any CPU
		{262C585C-A413-4070-B1EC-E9FB254BC7CA}.Release|iPhone.Build.0 = Release|Any CPU
		{262C585C-A413-4070-B1EC-E9FB254BC7CA}.Release|iPhoneSimulator.ActiveCfg = Release|Any CPU
		{262C585C-A413-4070-B1EC-E9FB254BC7CA}.Release|iPhoneSimulator.Build.0 = Release|Any CPU
		{262C585C-A413-4070-B1EC-E9FB254BC7CA}.Release|x64.ActiveCfg = Release|Any CPU
		{262C585C-A413-4070-B1EC-E9FB254BC7CA}.Release|x64.Build.0 = Release|Any CPU
		{262C585C-A413-4070-B1EC-E9FB254BC7CA}.Release|x86.ActiveCfg = Release|Any CPU
		{262C585C-A413-4070-B1EC-E9FB254BC7CA}.Release|x86.Build.0 = Release|Any CPU
	EndGlobalSection
	GlobalSection(SolutionProperties) = preSolution
		HideSolutionNode = FALSE
	EndGlobalSection
EndGlobal
